
Microsoft Visual Studio Solution File, Format Version 12.00
# Visual Studio 14
VisualStudioVersion = 14.0.25420.1
MinimumVisualStudioVersion = 10.0.40219.1
Project("{FAE04EC0-301F-11D3-BF4B-00C04F79EFBC}") = "DotNetOpen.PrerenderModule", "DotNetOpen.PrerenderModule\DotNetOpen.PrerenderModule.csproj", "{D6C66972-BAE0-4E00-92F3-6299472C8200}"
EndProject
Project("{2150E333-8FDC-42A3-9474-1A3956D46DE8}") = "Sample", "Sample", "{3D365A8B-690D-4DC7-AE15-4C489D4BE204}"
EndProject
Global
	GlobalSection(SolutionConfigurationPlatforms) = preSolution
		Debug|Any CPU = Debug|Any CPU
		Release|Any CPU = Release|Any CPU
	EndGlobalSection
	GlobalSection(ProjectConfigurationPlatforms) = postSolution
		{D6C66972-BAE0-4E00-92F3-6299472C8200}.Debug|Any CPU.ActiveCfg = Debug|Any CPU
		{D6C66972-BAE0-4E00-92F3-6299472C8200}.Debug|Any CPU.Build.0 = Debug|Any CPU
		{D6C66972-BAE0-4E00-92F3-6299472C8200}.Release|Any CPU.ActiveCfg = Release|Any CPU
		{D6C66972-BAE0-4E00-92F3-6299472C8200}.Release|Any CPU.Build.0 = Release|Any CPU
	EndGlobalSection
	GlobalSection(SolutionProperties) = preSolution
		HideSolutionNode = FALSE
	EndGlobalSection
EndGlobal
